
Microsoft Visual Studio Solution File, Format Version 12.00
# Visual Studio Version 17
VisualStudioVersion = 17.5.33530.505
MinimumVisualStudioVersion = 10.0.40219.1
Project("{FAE04EC0-301F-11D3-BF4B-00C04F79EFBC}") = "CatalogServiceApi", "Catalog Service\CatalogServiceApi.csproj", "{710FFA41-0AE0-4943-8916-C574D64CFA8B}"
EndProject
Project("{FAE04EC0-301F-11D3-BF4B-00C04F79EFBC}") = "CatalogServiceApiTests", "CatalogServiceApiTests\CatalogServiceApiTests.csproj", "{B4D5FD9E-1051-4589-96FD-2BE8E934FA9A}"
EndProject
Project("{2150E333-8FDC-42A3-9474-1A3956D46DE8}") = "Solution Items", "Solution Items", "{92C56852-C3C1-442C-95F3-6AD1B26A1685}"
	ProjectSection(SolutionItems) = preProject
		Theory.txt = Theory.txt
	EndProjectSection
EndProject
Global
	GlobalSection(SolutionConfigurationPlatforms) = preSolution
		Debug|Any CPU = Debug|Any CPU
		Release|Any CPU = Release|Any CPU
	EndGlobalSection
	GlobalSection(ProjectConfigurationPlatforms) = postSolution
		{710FFA41-0AE0-4943-8916-C574D64CFA8B}.Debug|Any CPU.ActiveCfg = Debug|Any CPU
		{710FFA41-0AE0-4943-8916-C574D64CFA8B}.Debug|Any CPU.Build.0 = Debug|Any CPU
		{710FFA41-0AE0-4943-8916-C574D64CFA8B}.Release|Any CPU.ActiveCfg = Release|Any CPU
		{710FFA41-0AE0-4943-8916-C574D64CFA8B}.Release|Any CPU.Build.0 = Release|Any CPU
		{B4D5FD9E-1051-4589-96FD-2BE8E934FA9A}.Debug|Any CPU.ActiveCfg = Debug|Any CPU
		{B4D5FD9E-1051-4589-96FD-2BE8E934FA9A}.Debug|Any CPU.Build.0 = Debug|Any CPU
		{B4D5FD9E-1051-4589-96FD-2BE8E934FA9A}.Release|Any CPU.ActiveCfg = Release|Any CPU
		{B4D5FD9E-1051-4589-96FD-2BE8E934FA9A}.Release|Any CPU.Build.0 = Release|Any CPU
	EndGlobalSection
	GlobalSection(SolutionProperties) = preSolution
		HideSolutionNode = FALSE
	EndGlobalSection
	GlobalSection(ExtensibilityGlobals) = postSolution
		SolutionGuid = {7EA2A225-341E-4D00-9DA1-D49E0807058C}
	EndGlobalSection
EndGlobal
